
Microsoft Visual Studio Solution File, Format Version 12.00
# Visual Studio Version 17
VisualStudioVersion = 17.5.33414.496
MinimumVisualStudioVersion = 10.0.40219.1
Project("{9A19103F-16F7-4668-BE54-9A1E7A4F7556}") = "SumOfGCPAndLCM", "SumOfGCPAndLCM\SumOfGCPAndLCM.csproj", "{E8201CBF-2CED-4AEB-925E-732FE1755219}"
EndProject
Project("{FAE04EC0-301F-11D3-BF4B-00C04F79EFBC}") = "CoffeeCups", "CoffeeCups\CoffeeCups.csproj", "{FB9582DA-6BE9-48BB-9D9B-9CDA6B5F2F93}"
EndProject
Global
	GlobalSection(SolutionConfigurationPlatforms) = preSolution
		Debug|Any CPU = Debug|Any CPU
		Release|Any CPU = Release|Any CPU
	EndGlobalSection
	GlobalSection(ProjectConfigurationPlatforms) = postSolution
		{E8201CBF-2CED-4AEB-925E-732FE1755219}.Debug|Any CPU.ActiveCfg = Debug|Any CPU
		{E8201CBF-2CED-4AEB-925E-732FE1755219}.Debug|Any CPU.Build.0 = Debug|Any CPU
		{E8201CBF-2CED-4AEB-925E-732FE1755219}.Release|Any CPU.ActiveCfg = Release|Any CPU
		{E8201CBF-2CED-4AEB-925E-732FE1755219}.Release|Any CPU.Build.0 = Release|Any CPU
		{FB9582DA-6BE9-48BB-9D9B-9CDA6B5F2F93}.Debug|Any CPU.ActiveCfg = Debug|Any CPU
		{FB9582DA-6BE9-48BB-9D9B-9CDA6B5F2F93}.Debug|Any CPU.Build.0 = Debug|Any CPU
		{FB9582DA-6BE9-48BB-9D9B-9CDA6B5F2F93}.Release|Any CPU.ActiveCfg = Release|Any CPU
		{FB9582DA-6BE9-48BB-9D9B-9CDA6B5F2F93}.Release|Any CPU.Build.0 = Release|Any CPU
	EndGlobalSection
	GlobalSection(SolutionProperties) = preSolution
		HideSolutionNode = FALSE
	EndGlobalSection
	GlobalSection(ExtensibilityGlobals) = postSolution
		SolutionGuid = {276D0884-7A3D-4FAE-9390-033567AE9745}
	EndGlobalSection
EndGlobal
